
Microsoft Visual Studio Solution File, Format Version 12.00
# Visual Studio 15
VisualStudioVersion = 15.0.27130.2003
MinimumVisualStudioVersion = 10.0.40219.1
Project("{FAE04EC0-301F-11D3-BF4B-00C04F79EFBC}") = "CS236_20180214", "CS236_20180214\CS236_20180214.csproj", "{F4029071-68AE-49EC-80F9-5BFF1F6C2BE8}"
EndProject
Global
	GlobalSection(SolutionConfigurationPlatforms) = preSolution
		Debug|Any CPU = Debug|Any CPU
		Release|Any CPU = Release|Any CPU
	EndGlobalSection
	GlobalSection(ProjectConfigurationPlatforms) = postSolution
		{F4029071-68AE-49EC-80F9-5BFF1F6C2BE8}.Debug|Any CPU.ActiveCfg = Debug|Any CPU
		{F4029071-68AE-49EC-80F9-5BFF1F6C2BE8}.Debug|Any CPU.Build.0 = Debug|Any CPU
		{F4029071-68AE-49EC-80F9-5BFF1F6C2BE8}.Release|Any CPU.ActiveCfg = Release|Any CPU
		{F4029071-68AE-49EC-80F9-5BFF1F6C2BE8}.Release|Any CPU.Build.0 = Release|Any CPU
	EndGlobalSection
	GlobalSection(SolutionProperties) = preSolution
		HideSolutionNode = FALSE
	EndGlobalSection
	GlobalSection(ExtensibilityGlobals) = postSolution
		SolutionGuid = {5BD8DE0F-2F93-444F-967A-2288928487A6}
	EndGlobalSection
EndGlobal
